
Microsoft Visual Studio Solution File, Format Version 12.00
# Visual Studio Version 17
VisualStudioVersion = 17.5.33530.505
MinimumVisualStudioVersion = 10.0.40219.1
Project("{FAE04EC0-301F-11D3-BF4B-00C04F79EFBC}") = "OrdersService", "OrdersService\OrdersService.csproj", "{37A7AC5C-A1DD-4F70-B64D-F051209C219C}"
EndProject
Global
	GlobalSection(SolutionConfigurationPlatforms) = preSolution
		Debug|Any CPU = Debug|Any CPU
		Release|Any CPU = Release|Any CPU
	EndGlobalSection
	GlobalSection(ProjectConfigurationPlatforms) = postSolution
		{37A7AC5C-A1DD-4F70-B64D-F051209C219C}.Debug|Any CPU.ActiveCfg = Debug|Any CPU
		{37A7AC5C-A1DD-4F70-B64D-F051209C219C}.Debug|Any CPU.Build.0 = Debug|Any CPU
		{37A7AC5C-A1DD-4F70-B64D-F051209C219C}.Release|Any CPU.ActiveCfg = Release|Any CPU
		{37A7AC5C-A1DD-4F70-B64D-F051209C219C}.Release|Any CPU.Build.0 = Release|Any CPU
	EndGlobalSection
	GlobalSection(SolutionProperties) = preSolution
		HideSolutionNode = FALSE
	EndGlobalSection
	GlobalSection(ExtensibilityGlobals) = postSolution
		SolutionGuid = {D4186603-8BAD-4034-8975-30930E699563}
	EndGlobalSection
EndGlobal
